
Microsoft Visual Studio Solution File, Format Version 12.00
# Visual Studio Version 17
VisualStudioVersion = 17.3.32825.248
MinimumVisualStudioVersion = 10.0.40219.1
Project("{9A19103F-16F7-4668-BE54-9A1E7A4F7556}") = "LibraryCalculations", "..\LibraryCalculations\LibraryCalculations\LibraryCalculations.csproj", "{19654D9C-F683-42E0-A804-29C3E20CC084}"
EndProject
Project("{9A19103F-16F7-4668-BE54-9A1E7A4F7556}") = "ConsoleAppTest", "ConsoleAppTest\ConsoleAppTest.csproj", "{DD135D65-CD67-4CCB-B8B5-8DBDB74B53D8}"
EndProject
Project("{FAE04EC0-301F-11D3-BF4B-00C04F79EFBC}") = "LibraryCalculations.Test", "LibraryCalculations.Test\LibraryCalculations.Test.csproj", "{A1D16B59-768D-42C1-9064-822BFB6350B9}"
EndProject
Project("{FAE04EC0-301F-11D3-BF4B-00C04F79EFBC}") = "TestProject1", "TestProject1\TestProject1.csproj", "{4DF1BBE1-22FC-4304-BDA1-18BBE4CD3FB7}"
EndProject
Project("{2150E333-8FDC-42A3-9474-1A3956D46DE8}") = "Solution Items", "Solution Items", "{3D503C8D-B0CD-4178-B654-524DE3A49630}"
	ProjectSection(SolutionItems) = preProject
		..\query.sql = ..\query.sql
	EndProjectSection
EndProject
Global
	GlobalSection(SolutionConfigurationPlatforms) = preSolution
		Debug|Any CPU = Debug|Any CPU
		Release|Any CPU = Release|Any CPU
	EndGlobalSection
	GlobalSection(ProjectConfigurationPlatforms) = postSolution
		{19654D9C-F683-42E0-A804-29C3E20CC084}.Debug|Any CPU.ActiveCfg = Debug|Any CPU
		{19654D9C-F683-42E0-A804-29C3E20CC084}.Debug|Any CPU.Build.0 = Debug|Any CPU
		{19654D9C-F683-42E0-A804-29C3E20CC084}.Release|Any CPU.ActiveCfg = Release|Any CPU
		{19654D9C-F683-42E0-A804-29C3E20CC084}.Release|Any CPU.Build.0 = Release|Any CPU
		{DD135D65-CD67-4CCB-B8B5-8DBDB74B53D8}.Debug|Any CPU.ActiveCfg = Debug|Any CPU
		{DD135D65-CD67-4CCB-B8B5-8DBDB74B53D8}.Debug|Any CPU.Build.0 = Debug|Any CPU
		{DD135D65-CD67-4CCB-B8B5-8DBDB74B53D8}.Release|Any CPU.ActiveCfg = Release|Any CPU
		{DD135D65-CD67-4CCB-B8B5-8DBDB74B53D8}.Release|Any CPU.Build.0 = Release|Any CPU
		{A1D16B59-768D-42C1-9064-822BFB6350B9}.Debug|Any CPU.ActiveCfg = Debug|Any CPU
		{A1D16B59-768D-42C1-9064-822BFB6350B9}.Debug|Any CPU.Build.0 = Debug|Any CPU
		{A1D16B59-768D-42C1-9064-822BFB6350B9}.Release|Any CPU.ActiveCfg = Release|Any CPU
		{A1D16B59-768D-42C1-9064-822BFB6350B9}.Release|Any CPU.Build.0 = Release|Any CPU
		{4DF1BBE1-22FC-4304-BDA1-18BBE4CD3FB7}.Debug|Any CPU.ActiveCfg = Debug|Any CPU
		{4DF1BBE1-22FC-4304-BDA1-18BBE4CD3FB7}.Debug|Any CPU.Build.0 = Debug|Any CPU
		{4DF1BBE1-22FC-4304-BDA1-18BBE4CD3FB7}.Release|Any CPU.ActiveCfg = Release|Any CPU
		{4DF1BBE1-22FC-4304-BDA1-18BBE4CD3FB7}.Release|Any CPU.Build.0 = Release|Any CPU
	EndGlobalSection
	GlobalSection(SolutionProperties) = preSolution
		HideSolutionNode = FALSE
	EndGlobalSection
	GlobalSection(ExtensibilityGlobals) = postSolution
		SolutionGuid = {3D476993-EDA2-443B-9138-714356026711}
	EndGlobalSection
EndGlobal
